
Microsoft Visual Studio Solution File, Format Version 11.00
# Visual Studio 2010
Project("{FAE04EC0-301F-11D3-BF4B-00C04F79EFBC}") = "des", "des\des.csproj", "{8CB6A995-130C-449B-B8D8-D1B8DAAF05A1}"
EndProject
Project("{2150E333-8FDC-42A3-9474-1A3956D46DE8}") = "Solution Items", "Solution Items", "{CAB90532-223F-4835-9503-6DB33BAB147C}"
EndProject
Global
	GlobalSection(SolutionConfigurationPlatforms) = preSolution
		Debug|Any CPU = Debug|Any CPU
		Release|Any CPU = Release|Any CPU
	EndGlobalSection
	GlobalSection(ProjectConfigurationPlatforms) = postSolution
		{8CB6A995-130C-449B-B8D8-D1B8DAAF05A1}.Debug|Any CPU.ActiveCfg = Debug|Any CPU
		{8CB6A995-130C-449B-B8D8-D1B8DAAF05A1}.Debug|Any CPU.Build.0 = Debug|Any CPU
		{8CB6A995-130C-449B-B8D8-D1B8DAAF05A1}.Release|Any CPU.ActiveCfg = Release|Any CPU
		{8CB6A995-130C-449B-B8D8-D1B8DAAF05A1}.Release|Any CPU.Build.0 = Release|Any CPU
	EndGlobalSection
	GlobalSection(SolutionProperties) = preSolution
		HideSolutionNode = FALSE
	EndGlobalSection
EndGlobal
